
Microsoft Visual Studio Solution File, Format Version 12.00
# Visual Studio Version 17
VisualStudioVersion = 17.9.34701.34
MinimumVisualStudioVersion = 10.0.40219.1
Project("{FAE04EC0-301F-11D3-BF4B-00C04F79EFBC}") = "ConsoleTest", "ConsoleTest.csproj", "{410F5B5F-CAA1-4589-A0F4-0C5714B72B05}"
EndProject
Global
	GlobalSection(SolutionConfigurationPlatforms) = preSolution
		Debug|Any CPU = Debug|Any CPU
		Release|Any CPU = Release|Any CPU
	EndGlobalSection
	GlobalSection(ProjectConfigurationPlatforms) = postSolution
		{410F5B5F-CAA1-4589-A0F4-0C5714B72B05}.Debug|Any CPU.ActiveCfg = Debug|Any CPU
		{410F5B5F-CAA1-4589-A0F4-0C5714B72B05}.Debug|Any CPU.Build.0 = Debug|Any CPU
		{410F5B5F-CAA1-4589-A0F4-0C5714B72B05}.Release|Any CPU.ActiveCfg = Release|Any CPU
		{410F5B5F-CAA1-4589-A0F4-0C5714B72B05}.Release|Any CPU.Build.0 = Release|Any CPU
	EndGlobalSection
	GlobalSection(SolutionProperties) = preSolution
		HideSolutionNode = FALSE
	EndGlobalSection
	GlobalSection(ExtensibilityGlobals) = postSolution
		SolutionGuid = {033DF46B-696A-49E2-880D-161BCADEF221}
	EndGlobalSection
EndGlobal
